
Microsoft Visual Studio Solution File, Format Version 12.00
# Visual Studio Version 17
VisualStudioVersion = 17.9.34616.47
MinimumVisualStudioVersion = 10.0.40219.1
Project("{FAE04EC0-301F-11D3-BF4B-00C04F79EFBC}") = "PROG6221_POE_ST10311687", "PROG6221_POE_ST10311687\PROG6221_POE_ST10311687.csproj", "{41855459-FA5A-45AF-900E-AAB20BFEB087}"
EndProject
Global
	GlobalSection(SolutionConfigurationPlatforms) = preSolution
		Debug|Any CPU = Debug|Any CPU
		Release|Any CPU = Release|Any CPU
	EndGlobalSection
	GlobalSection(ProjectConfigurationPlatforms) = postSolution
		{41855459-FA5A-45AF-900E-AAB20BFEB087}.Debug|Any CPU.ActiveCfg = Debug|Any CPU
		{41855459-FA5A-45AF-900E-AAB20BFEB087}.Debug|Any CPU.Build.0 = Debug|Any CPU
		{41855459-FA5A-45AF-900E-AAB20BFEB087}.Release|Any CPU.ActiveCfg = Release|Any CPU
		{41855459-FA5A-45AF-900E-AAB20BFEB087}.Release|Any CPU.Build.0 = Release|Any CPU
	EndGlobalSection
	GlobalSection(SolutionProperties) = preSolution
		HideSolutionNode = FALSE
	EndGlobalSection
	GlobalSection(ExtensibilityGlobals) = postSolution
		SolutionGuid = {FDE857CA-C1C3-44FE-9C61-5221F1468703}
	EndGlobalSection
EndGlobal
